
Microsoft Visual Studio Solution File, Format Version 12.00
# Visual Studio Version 17
VisualStudioVersion = 17.14.36930.0 d17.14
MinimumVisualStudioVersion = 10.0.40219.1
Project("{FAE04EC0-301F-11D3-BF4B-00C04F79EFBC}") = "MinecraftResourcepacksMaker", "MinecraftResourcepacksMaker.csproj", "{E79C76C1-C6F8-4101-9FD6-2D5DCAF354C2}"
EndProject
Project("{2150E333-8FDC-42A3-9474-1A3956D46DE8}") = "解决方案项", "解决方案项", "{9FA3D6BD-1EC1-3BA5-80CB-CE02773A58D5}"
	ProjectSection(SolutionItems) = preProject
		versionIndex.txt = versionIndex.txt
		newPack.bmp = newPack.bmp
	EndProjectSection
EndProject
Global
	GlobalSection(SolutionConfigurationPlatforms) = preSolution
		Debug|Any CPU = Debug|Any CPU
		Release|Any CPU = Release|Any CPU
	EndGlobalSection
	GlobalSection(ProjectConfigurationPlatforms) = postSolution
		{E79C76C1-C6F8-4101-9FD6-2D5DCAF354C2}.Debug|Any CPU.ActiveCfg = Debug|Any CPU
		{E79C76C1-C6F8-4101-9FD6-2D5DCAF354C2}.Debug|Any CPU.Build.0 = Debug|Any CPU
		{E79C76C1-C6F8-4101-9FD6-2D5DCAF354C2}.Release|Any CPU.ActiveCfg = Release|Any CPU
		{E79C76C1-C6F8-4101-9FD6-2D5DCAF354C2}.Release|Any CPU.Build.0 = Release|Any CPU
	EndGlobalSection
	GlobalSection(SolutionProperties) = preSolution
		HideSolutionNode = FALSE
	EndGlobalSection
	GlobalSection(ExtensibilityGlobals) = postSolution
		SolutionGuid = {C6DF6CAF-ED72-43E4-8FAB-8AC259BEDC99}
	EndGlobalSection
EndGlobal
